
Microsoft Visual Studio Solution File, Format Version 12.00
# Visual Studio 2017
Project("{FAE04EC0-301F-11D3-BF4B-00C04F79EFBC}") = "KinectIn_Unity_1.0", "KinectIn_Unity_1.0.csproj", "{BC57A747-EDDC-84F5-F750-A7B5887372C8}"
EndProject
Project("{FAE04EC0-301F-11D3-BF4B-00C04F79EFBC}") = "KinectIn_Unity_1.0.Plugins", "KinectIn_Unity_1.0.Plugins.csproj", "{869D16DF-51B8-42E4-ABC9-5616D87A86FF}"
EndProject
Project("{FAE04EC0-301F-11D3-BF4B-00C04F79EFBC}") = "KinectIn_Unity_1.0.Editor.Plugins", "KinectIn_Unity_1.0.Editor.Plugins.csproj", "{41F68F35-7466-D0A5-C592-BD80EC4B054E}"
EndProject
Global
	GlobalSection(SolutionConfigurationPlatforms) = preSolution
		Debug|Any CPU = Debug|Any CPU
		Release|Any CPU = Release|Any CPU
	EndGlobalSection
	GlobalSection(ProjectConfigurationPlatforms) = postSolution
		{BC57A747-EDDC-84F5-F750-A7B5887372C8}.Debug|Any CPU.ActiveCfg = Debug|Any CPU
		{BC57A747-EDDC-84F5-F750-A7B5887372C8}.Debug|Any CPU.Build.0 = Debug|Any CPU
		{BC57A747-EDDC-84F5-F750-A7B5887372C8}.Release|Any CPU.ActiveCfg = Release|Any CPU
		{BC57A747-EDDC-84F5-F750-A7B5887372C8}.Release|Any CPU.Build.0 = Release|Any CPU
		{869D16DF-51B8-42E4-ABC9-5616D87A86FF}.Debug|Any CPU.ActiveCfg = Debug|Any CPU
		{869D16DF-51B8-42E4-ABC9-5616D87A86FF}.Debug|Any CPU.Build.0 = Debug|Any CPU
		{869D16DF-51B8-42E4-ABC9-5616D87A86FF}.Release|Any CPU.ActiveCfg = Release|Any CPU
		{869D16DF-51B8-42E4-ABC9-5616D87A86FF}.Release|Any CPU.Build.0 = Release|Any CPU
		{41F68F35-7466-D0A5-C592-BD80EC4B054E}.Debug|Any CPU.ActiveCfg = Debug|Any CPU
		{41F68F35-7466-D0A5-C592-BD80EC4B054E}.Debug|Any CPU.Build.0 = Debug|Any CPU
		{41F68F35-7466-D0A5-C592-BD80EC4B054E}.Release|Any CPU.ActiveCfg = Release|Any CPU
		{41F68F35-7466-D0A5-C592-BD80EC4B054E}.Release|Any CPU.Build.0 = Release|Any CPU
	EndGlobalSection
	GlobalSection(SolutionProperties) = preSolution
		HideSolutionNode = FALSE
	EndGlobalSection
EndGlobal
